
Microsoft Visual Studio Solution File, Format Version 12.00
# Visual Studio 15
VisualStudioVersion = 15.0.28307.779
MinimumVisualStudioVersion = 10.0.40219.1
Project("{FAE04EC0-301F-11D3-BF4B-00C04F79EFBC}") = "WindowsForms.SP", "WindowsForms.SP\WindowsForms.SP.csproj", "{2B2A7B98-C737-476A-85FF-1CC83785B504}"
EndProject
Project("{FAE04EC0-301F-11D3-BF4B-00C04F79EFBC}") = "Entidades", "Entidades\Entidades.csproj", "{CF7907EA-4474-4364-9FD6-4E5513B6AD78}"
EndProject
Global
	GlobalSection(SolutionConfigurationPlatforms) = preSolution
		Debug|Any CPU = Debug|Any CPU
		Release|Any CPU = Release|Any CPU
	EndGlobalSection
	GlobalSection(ProjectConfigurationPlatforms) = postSolution
		{2B2A7B98-C737-476A-85FF-1CC83785B504}.Debug|Any CPU.ActiveCfg = Debug|Any CPU
		{2B2A7B98-C737-476A-85FF-1CC83785B504}.Debug|Any CPU.Build.0 = Debug|Any CPU
		{2B2A7B98-C737-476A-85FF-1CC83785B504}.Release|Any CPU.ActiveCfg = Release|Any CPU
		{2B2A7B98-C737-476A-85FF-1CC83785B504}.Release|Any CPU.Build.0 = Release|Any CPU
		{CF7907EA-4474-4364-9FD6-4E5513B6AD78}.Debug|Any CPU.ActiveCfg = Debug|Any CPU
		{CF7907EA-4474-4364-9FD6-4E5513B6AD78}.Debug|Any CPU.Build.0 = Debug|Any CPU
		{CF7907EA-4474-4364-9FD6-4E5513B6AD78}.Release|Any CPU.ActiveCfg = Release|Any CPU
		{CF7907EA-4474-4364-9FD6-4E5513B6AD78}.Release|Any CPU.Build.0 = Release|Any CPU
	EndGlobalSection
	GlobalSection(SolutionProperties) = preSolution
		HideSolutionNode = FALSE
	EndGlobalSection
	GlobalSection(ExtensibilityGlobals) = postSolution
		SolutionGuid = {1A2F0A68-4772-49D7-9F7D-AC25F16CDBD1}
	EndGlobalSection
EndGlobal
